
Microsoft Visual Studio Solution File, Format Version 12.00
Project("{2150E333-8FDC-42A3-9474-1A3956D46DE8}") = "Backend", "Backend", "{D8EB2169-C16E-4DAC-824E-EE64974C1B2E}"
EndProject
Project("{2150E333-8FDC-42A3-9474-1A3956D46DE8}") = "Frontend", "Frontend", "{F8C9E882-52C2-456A-8FB4-9FD53D843EF4}"
EndProject
Project("{FAE04EC0-301F-11D3-BF4B-00C04F79EFBC}") = "SparkTrack.Core", "SparkTrack.Core\SparkTrack.Core.csproj", "{3D679824-3986-472A-B08F-51BADB3B0D25}"
EndProject
Project("{FAE04EC0-301F-11D3-BF4B-00C04F79EFBC}") = "Directory.Packages", "Directory.Packages.props", "{BF8537B2-A5AC-4F19-910D-0418B2A6D7D9}"
EndProject
Project("{FAE04EC0-301F-11D3-BF4B-00C04F79EFBC}") = "SparkTrack.WebAPI", "SparkTrack.WebAPI\SparkTrack.WebAPI.csproj", "{A33AAD48-D85B-4D09-96D5-8E42F9EABABB}"
EndProject
Project("{FAE04EC0-301F-11D3-BF4B-00C04F79EFBC}") = "SpakTrack.Angular", "SparkTrack.Angular\SpakTrack.Angular.csproj", "{7AC242B4-FB29-4A5E-A8B2-D1C5205F1398}"
EndProject
Global
	GlobalSection(SolutionConfigurationPlatforms) = preSolution
		Debug|Any CPU = Debug|Any CPU
		Release|Any CPU = Release|Any CPU
	EndGlobalSection
	GlobalSection(NestedProjects) = preSolution
		{3D679824-3986-472A-B08F-51BADB3B0D25} = {D8EB2169-C16E-4DAC-824E-EE64974C1B2E}
		{A33AAD48-D85B-4D09-96D5-8E42F9EABABB} = {D8EB2169-C16E-4DAC-824E-EE64974C1B2E}
		{7AC242B4-FB29-4A5E-A8B2-D1C5205F1398} = {F8C9E882-52C2-456A-8FB4-9FD53D843EF4}
	EndGlobalSection
	GlobalSection(ProjectConfigurationPlatforms) = postSolution
		{3D679824-3986-472A-B08F-51BADB3B0D25}.Debug|Any CPU.ActiveCfg = Debug|Any CPU
		{3D679824-3986-472A-B08F-51BADB3B0D25}.Debug|Any CPU.Build.0 = Debug|Any CPU
		{3D679824-3986-472A-B08F-51BADB3B0D25}.Release|Any CPU.ActiveCfg = Release|Any CPU
		{3D679824-3986-472A-B08F-51BADB3B0D25}.Release|Any CPU.Build.0 = Release|Any CPU
		{A33AAD48-D85B-4D09-96D5-8E42F9EABABB}.Debug|Any CPU.ActiveCfg = Debug|Any CPU
		{A33AAD48-D85B-4D09-96D5-8E42F9EABABB}.Debug|Any CPU.Build.0 = Debug|Any CPU
		{A33AAD48-D85B-4D09-96D5-8E42F9EABABB}.Release|Any CPU.ActiveCfg = Release|Any CPU
		{A33AAD48-D85B-4D09-96D5-8E42F9EABABB}.Release|Any CPU.Build.0 = Release|Any CPU
	EndGlobalSection
EndGlobal
